
Microsoft Visual Studio Solution File, Format Version 12.00
# Visual Studio Version 16
VisualStudioVersion = 16.0.31515.178
MinimumVisualStudioVersion = 10.0.40219.1
Project("{FAE04EC0-301F-11D3-BF4B-00C04F79EFBC}") = "FirstCloudProject", "FirstCloudProject\FirstCloudProject.csproj", "{C7921DD9-82B6-4D62-BE79-0DAA7F5E5B2E}"
EndProject
Global
	GlobalSection(SolutionConfigurationPlatforms) = preSolution
		Debug|Any CPU = Debug|Any CPU
		Release|Any CPU = Release|Any CPU
	EndGlobalSection
	GlobalSection(ProjectConfigurationPlatforms) = postSolution
		{C7921DD9-82B6-4D62-BE79-0DAA7F5E5B2E}.Debug|Any CPU.ActiveCfg = Debug|Any CPU
		{C7921DD9-82B6-4D62-BE79-0DAA7F5E5B2E}.Debug|Any CPU.Build.0 = Debug|Any CPU
		{C7921DD9-82B6-4D62-BE79-0DAA7F5E5B2E}.Release|Any CPU.ActiveCfg = Release|Any CPU
		{C7921DD9-82B6-4D62-BE79-0DAA7F5E5B2E}.Release|Any CPU.Build.0 = Release|Any CPU
	EndGlobalSection
	GlobalSection(SolutionProperties) = preSolution
		HideSolutionNode = FALSE
	EndGlobalSection
	GlobalSection(ExtensibilityGlobals) = postSolution
		SolutionGuid = {5A78F4D9-F6B3-4EFD-9A54-E51D2E9CEA2D}
	EndGlobalSection
EndGlobal
